
Microsoft Visual Studio Solution File, Format Version 12.00
# Visual Studio 14
VisualStudioVersion = 14.0.25420.1
MinimumVisualStudioVersion = 10.0.40219.1
Project("{FAE04EC0-301F-11D3-BF4B-00C04F79EFBC}") = "01.3-6-9", "01.3-6-9\01.3-6-9.csproj", "{5FBA0E26-4226-48C3-95E6-1667DAA94602}"
EndProject
Project("{FAE04EC0-301F-11D3-BF4B-00C04F79EFBC}") = "02.TheHorror", "02.TheHorror\02.TheHorror.csproj", "{1A0E0254-1DA5-43E5-BD76-A631D502D148}"
EndProject
Project("{FAE04EC0-301F-11D3-BF4B-00C04F79EFBC}") = "03.XExpression", "03.XExpression\03.XExpression.csproj", "{15B891C2-608B-4081-A85F-5DE32AE3CAEB}"
EndProject
Project("{FAE04EC0-301F-11D3-BF4B-00C04F79EFBC}") = "05.Warhead", "05.Warhead\05.Warhead.csproj", "{9CA49333-5E6B-4429-8615-5A7C959FA0DC}"
EndProject
Project("{FAE04EC0-301F-11D3-BF4B-00C04F79EFBC}") = "04.DiamondTrolls", "04.DiamondTrolls\04.DiamondTrolls.csproj", "{784DB0F2-DAD4-4C0D-879C-BF79C39C8404}"
EndProject
Global
	GlobalSection(SolutionConfigurationPlatforms) = preSolution
		Debug|Any CPU = Debug|Any CPU
		Release|Any CPU = Release|Any CPU
	EndGlobalSection
	GlobalSection(ProjectConfigurationPlatforms) = postSolution
		{5FBA0E26-4226-48C3-95E6-1667DAA94602}.Debug|Any CPU.ActiveCfg = Debug|Any CPU
		{5FBA0E26-4226-48C3-95E6-1667DAA94602}.Debug|Any CPU.Build.0 = Debug|Any CPU
		{5FBA0E26-4226-48C3-95E6-1667DAA94602}.Release|Any CPU.ActiveCfg = Release|Any CPU
		{5FBA0E26-4226-48C3-95E6-1667DAA94602}.Release|Any CPU.Build.0 = Release|Any CPU
		{1A0E0254-1DA5-43E5-BD76-A631D502D148}.Debug|Any CPU.ActiveCfg = Debug|Any CPU
		{1A0E0254-1DA5-43E5-BD76-A631D502D148}.Debug|Any CPU.Build.0 = Debug|Any CPU
		{1A0E0254-1DA5-43E5-BD76-A631D502D148}.Release|Any CPU.ActiveCfg = Release|Any CPU
		{1A0E0254-1DA5-43E5-BD76-A631D502D148}.Release|Any CPU.Build.0 = Release|Any CPU
		{15B891C2-608B-4081-A85F-5DE32AE3CAEB}.Debug|Any CPU.ActiveCfg = Debug|Any CPU
		{15B891C2-608B-4081-A85F-5DE32AE3CAEB}.Debug|Any CPU.Build.0 = Debug|Any CPU
		{15B891C2-608B-4081-A85F-5DE32AE3CAEB}.Release|Any CPU.ActiveCfg = Release|Any CPU
		{15B891C2-608B-4081-A85F-5DE32AE3CAEB}.Release|Any CPU.Build.0 = Release|Any CPU
		{9CA49333-5E6B-4429-8615-5A7C959FA0DC}.Debug|Any CPU.ActiveCfg = Debug|Any CPU
		{9CA49333-5E6B-4429-8615-5A7C959FA0DC}.Debug|Any CPU.Build.0 = Debug|Any CPU
		{9CA49333-5E6B-4429-8615-5A7C959FA0DC}.Release|Any CPU.ActiveCfg = Release|Any CPU
		{9CA49333-5E6B-4429-8615-5A7C959FA0DC}.Release|Any CPU.Build.0 = Release|Any CPU
		{784DB0F2-DAD4-4C0D-879C-BF79C39C8404}.Debug|Any CPU.ActiveCfg = Debug|Any CPU
		{784DB0F2-DAD4-4C0D-879C-BF79C39C8404}.Debug|Any CPU.Build.0 = Debug|Any CPU
		{784DB0F2-DAD4-4C0D-879C-BF79C39C8404}.Release|Any CPU.ActiveCfg = Release|Any CPU
		{784DB0F2-DAD4-4C0D-879C-BF79C39C8404}.Release|Any CPU.Build.0 = Release|Any CPU
	EndGlobalSection
	GlobalSection(SolutionProperties) = preSolution
		HideSolutionNode = FALSE
	EndGlobalSection
EndGlobal
