
Microsoft Visual Studio Solution File, Format Version 12.00
# Visual Studio 14
VisualStudioVersion = 14.0.25420.1
MinimumVisualStudioVersion = 10.0.40219.1
Project("{FAE04EC0-301F-11D3-BF4B-00C04F79EFBC}") = "01.AllocateArray", "01.AllocateArray\01.AllocateArray.csproj", "{1CB6AC66-15FD-415E-9A92-91AE99FD1CAD}"
EndProject
Project("{FAE04EC0-301F-11D3-BF4B-00C04F79EFBC}") = "02.CompareArrays", "02.CompareArrays\02.CompareArrays.csproj", "{08436638-7764-4564-AC63-27FCF26EEA14}"
EndProject
Project("{FAE04EC0-301F-11D3-BF4B-00C04F79EFBC}") = "03.CompareCharArray", "03.CompareCharArray\03.CompareCharArray.csproj", "{3AC118AA-F4C8-4E02-8C17-F0E84CDB46AD}"
EndProject
Project("{FAE04EC0-301F-11D3-BF4B-00C04F79EFBC}") = "04.MaximalSequence", "04.MaximalSequence\04.MaximalSequence.csproj", "{DEA4EE0D-EB41-4873-953F-9E933D6C0D14}"
EndProject
Project("{FAE04EC0-301F-11D3-BF4B-00C04F79EFBC}") = "05.MaximumIncreasingSequence", "05.MaximumIncreasingSequence\05.MaximumIncreasingSequence.csproj", "{FAAF5B61-0682-478D-876F-C606AD7FF2C0}"
EndProject
Project("{FAE04EC0-301F-11D3-BF4B-00C04F79EFBC}") = "06.MaximalKSum", "06.MaximalKSum\06.MaximalKSum.csproj", "{3EAADF5B-0FF0-4517-9A09-1BE13807B523}"
EndProject
Project("{FAE04EC0-301F-11D3-BF4B-00C04F79EFBC}") = "07.SelectionSort", "07.SelectionSort\07.SelectionSort.csproj", "{15E71A8B-D3D8-42EA-8672-194C9763A074}"
EndProject
Project("{FAE04EC0-301F-11D3-BF4B-00C04F79EFBC}") = "08.MaximumSum", "08.MaximumSum\08.MaximumSum.csproj", "{BB6DC048-F823-45B2-B1B2-AC584CCEB650}"
EndProject
Project("{FAE04EC0-301F-11D3-BF4B-00C04F79EFBC}") = "09.FrequentNumber", "09.FrequentNumber\09.FrequentNumber.csproj", "{4B46197B-F0B0-4744-BA28-1E34CA09C876}"
EndProject
Project("{FAE04EC0-301F-11D3-BF4B-00C04F79EFBC}") = "10.SumInArray", "10.SumInArray\10.SumInArray.csproj", "{C62A8F1F-740E-4D27-9711-FCB61E6BDA20}"
EndProject
Project("{FAE04EC0-301F-11D3-BF4B-00C04F79EFBC}") = "11.BinarySearch", "11.BinarySearch\11.BinarySearch.csproj", "{49C003C4-2003-4B73-B900-27F84D94E2C5}"
EndProject
Project("{FAE04EC0-301F-11D3-BF4B-00C04F79EFBC}") = "12.IndexOfLetters", "12.IndexOfLetters\12.IndexOfLetters.csproj", "{2A552026-5B98-42F8-8BAF-2A79DCD96979}"
EndProject
Project("{FAE04EC0-301F-11D3-BF4B-00C04F79EFBC}") = "13.MergeSort", "13.MergeSort\13.MergeSort.csproj", "{95336F60-29E2-4332-A439-C0312AA6F849}"
EndProject
Project("{FAE04EC0-301F-11D3-BF4B-00C04F79EFBC}") = "14.QuickSort", "14.QuickSort\14.QuickSort.csproj", "{269396CA-DDE3-47DC-8036-D6E208EDDF42}"
EndProject
Global
	GlobalSection(SolutionConfigurationPlatforms) = preSolution
		Debug|Any CPU = Debug|Any CPU
		Release|Any CPU = Release|Any CPU
	EndGlobalSection
	GlobalSection(ProjectConfigurationPlatforms) = postSolution
		{1CB6AC66-15FD-415E-9A92-91AE99FD1CAD}.Debug|Any CPU.ActiveCfg = Debug|Any CPU
		{1CB6AC66-15FD-415E-9A92-91AE99FD1CAD}.Debug|Any CPU.Build.0 = Debug|Any CPU
		{1CB6AC66-15FD-415E-9A92-91AE99FD1CAD}.Release|Any CPU.ActiveCfg = Release|Any CPU
		{1CB6AC66-15FD-415E-9A92-91AE99FD1CAD}.Release|Any CPU.Build.0 = Release|Any CPU
		{08436638-7764-4564-AC63-27FCF26EEA14}.Debug|Any CPU.ActiveCfg = Debug|Any CPU
		{08436638-7764-4564-AC63-27FCF26EEA14}.Debug|Any CPU.Build.0 = Debug|Any CPU
		{08436638-7764-4564-AC63-27FCF26EEA14}.Release|Any CPU.ActiveCfg = Release|Any CPU
		{08436638-7764-4564-AC63-27FCF26EEA14}.Release|Any CPU.Build.0 = Release|Any CPU
		{3AC118AA-F4C8-4E02-8C17-F0E84CDB46AD}.Debug|Any CPU.ActiveCfg = Debug|Any CPU
		{3AC118AA-F4C8-4E02-8C17-F0E84CDB46AD}.Debug|Any CPU.Build.0 = Debug|Any CPU
		{3AC118AA-F4C8-4E02-8C17-F0E84CDB46AD}.Release|Any CPU.ActiveCfg = Release|Any CPU
		{3AC118AA-F4C8-4E02-8C17-F0E84CDB46AD}.Release|Any CPU.Build.0 = Release|Any CPU
		{DEA4EE0D-EB41-4873-953F-9E933D6C0D14}.Debug|Any CPU.ActiveCfg = Debug|Any CPU
		{DEA4EE0D-EB41-4873-953F-9E933D6C0D14}.Debug|Any CPU.Build.0 = Debug|Any CPU
		{DEA4EE0D-EB41-4873-953F-9E933D6C0D14}.Release|Any CPU.ActiveCfg = Release|Any CPU
		{DEA4EE0D-EB41-4873-953F-9E933D6C0D14}.Release|Any CPU.Build.0 = Release|Any CPU
		{FAAF5B61-0682-478D-876F-C606AD7FF2C0}.Debug|Any CPU.ActiveCfg = Debug|Any CPU
		{FAAF5B61-0682-478D-876F-C606AD7FF2C0}.Debug|Any CPU.Build.0 = Debug|Any CPU
		{FAAF5B61-0682-478D-876F-C606AD7FF2C0}.Release|Any CPU.ActiveCfg = Release|Any CPU
		{FAAF5B61-0682-478D-876F-C606AD7FF2C0}.Release|Any CPU.Build.0 = Release|Any CPU
		{3EAADF5B-0FF0-4517-9A09-1BE13807B523}.Debug|Any CPU.ActiveCfg = Debug|Any CPU
		{3EAADF5B-0FF0-4517-9A09-1BE13807B523}.Debug|Any CPU.Build.0 = Debug|Any CPU
		{3EAADF5B-0FF0-4517-9A09-1BE13807B523}.Release|Any CPU.ActiveCfg = Release|Any CPU
		{3EAADF5B-0FF0-4517-9A09-1BE13807B523}.Release|Any CPU.Build.0 = Release|Any CPU
		{15E71A8B-D3D8-42EA-8672-194C9763A074}.Debug|Any CPU.ActiveCfg = Debug|Any CPU
		{15E71A8B-D3D8-42EA-8672-194C9763A074}.Debug|Any CPU.Build.0 = Debug|Any CPU
		{15E71A8B-D3D8-42EA-8672-194C9763A074}.Release|Any CPU.ActiveCfg = Release|Any CPU
		{15E71A8B-D3D8-42EA-8672-194C9763A074}.Release|Any CPU.Build.0 = Release|Any CPU
		{BB6DC048-F823-45B2-B1B2-AC584CCEB650}.Debug|Any CPU.ActiveCfg = Debug|Any CPU
		{BB6DC048-F823-45B2-B1B2-AC584CCEB650}.Debug|Any CPU.Build.0 = Debug|Any CPU
		{BB6DC048-F823-45B2-B1B2-AC584CCEB650}.Release|Any CPU.ActiveCfg = Release|Any CPU
		{BB6DC048-F823-45B2-B1B2-AC584CCEB650}.Release|Any CPU.Build.0 = Release|Any CPU
		{4B46197B-F0B0-4744-BA28-1E34CA09C876}.Debug|Any CPU.ActiveCfg = Debug|Any CPU
		{4B46197B-F0B0-4744-BA28-1E34CA09C876}.Debug|Any CPU.Build.0 = Debug|Any CPU
		{4B46197B-F0B0-4744-BA28-1E34CA09C876}.Release|Any CPU.ActiveCfg = Release|Any CPU
		{4B46197B-F0B0-4744-BA28-1E34CA09C876}.Release|Any CPU.Build.0 = Release|Any CPU
		{C62A8F1F-740E-4D27-9711-FCB61E6BDA20}.Debug|Any CPU.ActiveCfg = Debug|Any CPU
		{C62A8F1F-740E-4D27-9711-FCB61E6BDA20}.Debug|Any CPU.Build.0 = Debug|Any CPU
		{C62A8F1F-740E-4D27-9711-FCB61E6BDA20}.Release|Any CPU.ActiveCfg = Release|Any CPU
		{C62A8F1F-740E-4D27-9711-FCB61E6BDA20}.Release|Any CPU.Build.0 = Release|Any CPU
		{49C003C4-2003-4B73-B900-27F84D94E2C5}.Debug|Any CPU.ActiveCfg = Debug|Any CPU
		{49C003C4-2003-4B73-B900-27F84D94E2C5}.Debug|Any CPU.Build.0 = Debug|Any CPU
		{49C003C4-2003-4B73-B900-27F84D94E2C5}.Release|Any CPU.ActiveCfg = Release|Any CPU
		{49C003C4-2003-4B73-B900-27F84D94E2C5}.Release|Any CPU.Build.0 = Release|Any CPU
		{2A552026-5B98-42F8-8BAF-2A79DCD96979}.Debug|Any CPU.ActiveCfg = Debug|Any CPU
		{2A552026-5B98-42F8-8BAF-2A79DCD96979}.Debug|Any CPU.Build.0 = Debug|Any CPU
		{2A552026-5B98-42F8-8BAF-2A79DCD96979}.Release|Any CPU.ActiveCfg = Release|Any CPU
		{2A552026-5B98-42F8-8BAF-2A79DCD96979}.Release|Any CPU.Build.0 = Release|Any CPU
		{95336F60-29E2-4332-A439-C0312AA6F849}.Debug|Any CPU.ActiveCfg = Debug|Any CPU
		{95336F60-29E2-4332-A439-C0312AA6F849}.Debug|Any CPU.Build.0 = Debug|Any CPU
		{95336F60-29E2-4332-A439-C0312AA6F849}.Release|Any CPU.ActiveCfg = Release|Any CPU
		{95336F60-29E2-4332-A439-C0312AA6F849}.Release|Any CPU.Build.0 = Release|Any CPU
		{269396CA-DDE3-47DC-8036-D6E208EDDF42}.Debug|Any CPU.ActiveCfg = Debug|Any CPU
		{269396CA-DDE3-47DC-8036-D6E208EDDF42}.Debug|Any CPU.Build.0 = Debug|Any CPU
		{269396CA-DDE3-47DC-8036-D6E208EDDF42}.Release|Any CPU.ActiveCfg = Release|Any CPU
		{269396CA-DDE3-47DC-8036-D6E208EDDF42}.Release|Any CPU.Build.0 = Release|Any CPU
	EndGlobalSection
	GlobalSection(SolutionProperties) = preSolution
		HideSolutionNode = FALSE
	EndGlobalSection
EndGlobal
